lockfileVersion: '9.0'

settings:
  autoInstallPeers: true
  excludeLinksFromLockfile: false

importers:

  .:
    dependencies:
      is-even:
        specifier: ^1.0.0
        version: 1.0.0
      is-negative:
        specifier: ^2.1.0
        version: 2.1.0
      is-odd:
        specifier: ^3.0.1
        version: 3.0.1
      is-positive:
        specifier: ^3.1.0
        version: 3.1.0
      react:
        specifier: ^19.2.1
        version: 19.2.1
      react-dom:
        specifier: ^19.2.1
        version: 19.2.1(react@19.2.1)

packages:

  is-buffer@1.1.6:
    resolution: {integrity: sha512-NcdALwpXkTm5Zvvbk7owOUSvVvBKDgKP5/ewfXEznmQFfs4ZRmanOeKBTjRVjka3QFoN6XJ+9F3USqfHqTaU5w==}

  is-even@1.0.0:
    resolution: {integrity: sha512-LEhnkAdJqic4Dbqn58A0y52IXoHWlsueqQkKfMfdEnIYG8A1sm/GHidKkS6yvXlMoRrkM34csHnXQtOqcb+Jzg==}
    engines: {node: '>=0.10.0'}

  is-negative@2.1.0:
    resolution: {integrity: sha512-+iCKT4ZcvjRnjkHnQjZ8/qfciLLGD8BFKS0GNR5VjDU6jEiwh899R0GSMkaYcuTNd7fEKXb3Qib0webe6HczNw==}
    engines: {node: '>=0.10.0'}

  is-number@3.0.0:
    resolution: {integrity: sha512-4cboCqIpliH+mAvFNegjZQ4kgKc3ZUhQVr3HvWbSh5q3WH2v82ct+T2Y1hdU5Gdtorx/cLifQjqCbL7bpznLTg==}
    engines: {node: '>=0.10.0'}

  is-number@6.0.0:
    resolution: {integrity: sha512-Wu1VHeILBK8KAWJUAiSZQX94GmOE45Rg6/538fKwiloUu21KncEkYGPqob2oSZ5mUT73vLGrHQjKw3KMPwfDzg==}
    engines: {node: '>=0.10.0'}

  is-odd@0.1.2:
    resolution: {integrity: sha512-Ri7C2K7o5IrUU9UEI8losXJCCD/UtsaIrkR5sxIcFg4xQ9cRJXlWA5DQvTE0yDc0krvSNLsRGXN11UPS6KyfBw==}
    engines: {node: '>=0.10.0'}

  is-odd@3.0.1:
    resolution: {integrity: sha512-CQpnWPrDwmP1+SMHXZhtLtJv90yiyVfluGsX5iNCVkrhQtU3TQHsUWPG9wkdk9Lgd5yNpAg9jQEo90CBaXgWMA==}
    engines: {node: '>=4'}

  is-positive@3.1.0:
    resolution: {integrity: sha512-8ND1j3y9/HP94TOvGzr69/FgbkX2ruOldhLEsTWwcJVfo4oRjwemJmJxt7RJkKYH8tz7vYBP9JcKQY8CLuJ90Q==}
    engines: {node: '>=0.10.0'}

  kind-of@3.2.2:
    resolution: {integrity: sha512-NOW9QQXMoZGg/oqnVNoNTTIFEIid1627WCffUBJEdMxYApq7mNE7CpzucIPc+ZQg25Phej7IJSmX3hO+oblOtQ==}
    engines: {node: '>=0.10.0'}

  react-dom@19.2.1:
    resolution: {integrity: sha512-ibrK8llX2a4eOskq1mXKu/TGZj9qzomO+sNfO98M6d9zIPOEhlBkMkBUBLd1vgS0gQsLDBzA+8jJBVXDnfHmJg==}
    peerDependencies:
      react: ^19.2.1

  react@19.2.1:
    resolution: {integrity: sha512-DGrYcCWK7tvYMnWh79yrPHt+vdx9tY+1gPZa7nJQtO/p8bLTDaHp4dzwEhQB7pZ4Xe3ok4XKuEPrVuc+wlpkmw==}
    engines: {node: '>=0.10.0'}

  scheduler@0.27.0:
    resolution: {integrity: sha512-eNv+WrVbKu1f3vbYJT/xtiF5syA5HPIMtf9IgY/nKg0sWqzAUEvqY/xm7OcZc/qafLx/iO9FgOmeSAp4v5ti/Q==}

snapshots:

  is-buffer@1.1.6: {}

  is-even@1.0.0:
    dependencies:
      is-odd: 0.1.2

  is-negative@2.1.0: {}

  is-number@3.0.0:
    dependencies:
      kind-of: 3.2.2

  is-number@6.0.0: {}

  is-odd@0.1.2:
    dependencies:
      is-number: 3.0.0

  is-odd@3.0.1:
    dependencies:
      is-number: 6.0.0

  is-positive@3.1.0: {}

  kind-of@3.2.2:
    dependencies:
      is-buffer: 1.1.6

  react-dom@19.2.1(react@19.2.1):
    dependencies:
      react: 19.2.1
      scheduler: 0.27.0

  react@19.2.1: {}

  scheduler@0.27.0: {}
